<Solution>
  <Folder Name="/src/backend/">
    <Project Path="src/backend/ScoutCampPlanner.Api/ScoutCampPlanner.Api.csproj" />
    <Project Path="src/backend/ScoutCampPlanner.Platform.Contracts/ScoutCampPlanner.Platform.Contracts.csproj" />
    <Project Path="src/backend/ScoutCampPlanner.Platform.Application/ScoutCampPlanner.Platform.Application.csproj" />
    <Project Path="src/backend/ScoutCampPlanner.Platform.Domain/ScoutCampPlanner.Platform.Domain.csproj" />
    <Project Path="src/backend/ScoutCampPlanner.Platform.Infrastructure/ScoutCampPlanner.Platform.Infrastructure.csproj" />
    <Project Path="src/backend/ScoutCampPlanner.Camp.Contracts/ScoutCampPlanner.Camp.Contracts.csproj" />
    <Project Path="src/backend/ScoutCampPlanner.Camp.Domain/ScoutCampPlanner.Camp.Domain.csproj" />
    <Project Path="src/backend/ScoutCampPlanner.Camp.Infrastructure/ScoutCampPlanner.Camp.Infrastructure.csproj" />
    <Project Path="src/backend/ScoutCampPlanner.Catering.Domain/ScoutCampPlanner.Catering.Domain.csproj" />
    <Project Path="src/backend/ScoutCampPlanner.Catering.Infrastructure/ScoutCampPlanner.Catering.Infrastructure.csproj" />
    <Project Path="src/backend/ScoutCampPlanner.Migrations.PostgreSql/ScoutCampPlanner.Migrations.PostgreSql.csproj" />
    <Project Path="src/backend/ScoutCampPlanner.Migrations.Sqlite/ScoutCampPlanner.Migrations.Sqlite.csproj" />
    <Project Path="src/backend/ScoutCampPlanner.Package/ScoutCampPlanner.Package.csproj" />
  </Folder>
  <Folder Name="/tests/">
    <Project Path="tests/ScoutCampPlanner.ArchitectureTests/ScoutCampPlanner.ArchitectureTests.csproj" />
    <Project Path="tests/ScoutCampPlanner.DatabaseMigrationTests/ScoutCampPlanner.DatabaseMigrationTests.csproj" />
    <Project Path="tests/ScoutCampPlanner.PackageTests/ScoutCampPlanner.PackageTests.csproj" />
    <Project Path="tests/ScoutCampPlanner.SecuritySpikeTests/ScoutCampPlanner.SecuritySpikeTests.csproj" />
  </Folder>
  <Folder Name="/tools/">
    <Project Path="tools/ScoutCampPlanner.PasswordDenylist/ScoutCampPlanner.PasswordDenylist.csproj" />
    <Project Path="tools/ScoutCampPlanner.SecuritySpike/ScoutCampPlanner.SecuritySpike.csproj" />
  </Folder>
</Solution>
